
Microsoft Visual Studio Solution File, Format Version 12.00
# Visual Studio Version 17
VisualStudioVersion = 17.4.33110.190
MinimumVisualStudioVersion = 10.0.40219.1
Project("{FAE04EC0-301F-11D3-BF4B-00C04F79EFBC}") = "Day02_RockPaperScissors", "Day02_RockPaperScissors\Day02_RockPaperScissors.csproj", "{3691A36F-57A2-4731-9D81-7B377EE9025D}"
EndProject
Global
	GlobalSection(SolutionConfigurationPlatforms) = preSolution
		Debug|Any CPU = Debug|Any CPU
		Release|Any CPU = Release|Any CPU
	EndGlobalSection
	GlobalSection(ProjectConfigurationPlatforms) = postSolution
		{3691A36F-57A2-4731-9D81-7B377EE9025D}.Debug|Any CPU.ActiveCfg = Debug|Any CPU
		{3691A36F-57A2-4731-9D81-7B377EE9025D}.Debug|Any CPU.Build.0 = Debug|Any CPU
		{3691A36F-57A2-4731-9D81-7B377EE9025D}.Release|Any CPU.ActiveCfg = Release|Any CPU
		{3691A36F-57A2-4731-9D81-7B377EE9025D}.Release|Any CPU.Build.0 = Release|Any CPU
	EndGlobalSection
	GlobalSection(SolutionProperties) = preSolution
		HideSolutionNode = FALSE
	EndGlobalSection
	GlobalSection(ExtensibilityGlobals) = postSolution
		SolutionGuid = {CEB916E5-63FF-49DD-962C-BB09CE2AED2E}
	EndGlobalSection
EndGlobal
